// !$*UTF8*$!
{
	archiveVersion = 1;
	classes = {
	};
	objectVersion = 56;
	objects = {

/* Begin PBXBuildFile section */
		A1B2C3D41E00000000000011 /* OliHarryPotterBingoApp.swift in Sources */ = {isa = PBXBuildFile; fileRef = A1B2C3D41E00000000000021 /* OliHarryPotterBingoApp.swift */; };
		A1B2C3D41E00000000000012 /* ContentView.swift in Sources */ = {isa = PBXBuildFile; fileRef = A1B2C3D41E00000000000022 /* ContentView.swift */; };
		A1B2C3D41E00000000000013 /* BingoCard.swift in Sources */ = {isa = PBXBuildFile; fileRef = A1B2C3D41E00000000000023 /* BingoCard.swift */; };
		A1B2C3D41E00000000000014 /* AppSession.swift in Sources */ = {isa = PBXBuildFile; fileRef = A1B2C3D41E00000000000024 /* AppSession.swift */; };
		A1B2C3D41E00000000000015 /* Assets.xcassets in Resources */ = {isa = PBXBuildFile; fileRef = A1B2C3D41E00000000000025 /* Assets.xcassets */; };
		A1B2C3D41E00000000000016 /* Preview Assets.xcassets in Resources */ = {isa = PBXBuildFile; fileRef = A1B2C3D41E00000000000026 /* Preview Assets.xcassets */; };
		A1B2C3D41E00000000000017 /* BingoSessionSnapshot.swift in Sources */ = {isa = PBXBuildFile; fileRef = A1B2C3D41E00000000000027 /* BingoSessionSnapshot.swift */; };
		A1B2C3D41E00000000000018 /* CardDrawEngine.swift in Sources */ = {isa = PBXBuildFile; fileRef = A1B2C3D41E00000000000028 /* CardDrawEngine.swift */; };
		A1B2C3D41E00000000000019 /* BingoSessionStore.swift in Sources */ = {isa = PBXBuildFile; fileRef = A1B2C3D41E00000000000029 /* BingoSessionStore.swift */; };
		A1B2C3D41E0000000000001A /* AppSessionTests.swift in Sources */ = {isa = PBXBuildFile; fileRef = A1B2C3D41E0000000000002A /* AppSessionTests.swift */; };
/* End PBXBuildFile section */

/* Begin PBXContainerItemProxy section */
		A1B2C3D41E00000000000091 /* PBXContainerItemProxy */ = {
			isa = PBXContainerItemProxy;
			containerPortal = A1B2C3D41E00000000000010 /* Project object */;
			proxyType = 1;
			remoteGlobalIDString = A1B2C3D41E00000000000002;
			remoteInfo = OliHarryPotterBingo;
		};
/* End PBXContainerItemProxy section */

/* Begin PBXFileReference section */
		A1B2C3D41E00000000000003 /* OliHarryPotterBingo.app */ = {isa = PBXFileReference; explicitFileType = wrapper.application; includeInIndex = 0; path = OliHarryPotterBingo.app; sourceTree = BUILT_PRODUCTS_DIR; };
		A1B2C3D41E00000000000021 /* OliHarryPotterBingoApp.swift */ = {isa = PBXFileReference; lastKnownFileType = sourcecode.swift; path = OliHarryPotterBingoApp.swift; sourceTree = "<group>"; };
		A1B2C3D41E00000000000022 /* ContentView.swift */ = {isa = PBXFileReference; lastKnownFileType = sourcecode.swift; path = ContentView.swift; sourceTree = "<group>"; };
		A1B2C3D41E00000000000023 /* BingoCard.swift */ = {isa = PBXFileReference; lastKnownFileType = sourcecode.swift; path = BingoCard.swift; sourceTree = "<group>"; };
		A1B2C3D41E00000000000024 /* AppSession.swift */ = {isa = PBXFileReference; lastKnownFileType = sourcecode.swift; path = AppSession.swift; sourceTree = "<group>"; };
		A1B2C3D41E00000000000025 /* Assets.xcassets */ = {isa = PBXFileReference; lastKnownFileType = folder.assetcatalog; path = Assets.xcassets; sourceTree = "<group>"; };
		A1B2C3D41E00000000000026 /* Preview Assets.xcassets */ = {isa = PBXFileReference; lastKnownFileType = folder.assetcatalog; path = "Preview Assets.xcassets"; sourceTree = "<group>"; };
		A1B2C3D41E00000000000027 /* BingoSessionSnapshot.swift */ = {isa = PBXFileReference; lastKnownFileType = sourcecode.swift; path = BingoSessionSnapshot.swift; sourceTree = "<group>"; };
		A1B2C3D41E00000000000028 /* CardDrawEngine.swift */ = {isa = PBXFileReference; lastKnownFileType = sourcecode.swift; path = CardDrawEngine.swift; sourceTree = "<group>"; };
		A1B2C3D41E00000000000029 /* BingoSessionStore.swift */ = {isa = PBXFileReference; lastKnownFileType = sourcecode.swift; path = BingoSessionStore.swift; sourceTree = "<group>"; };
		A1B2C3D41E0000000000002A /* AppSessionTests.swift */ = {isa = PBXFileReference; lastKnownFileType = sourcecode.swift; path = AppSessionTests.swift; sourceTree = "<group>"; };
		A1B2C3D41E0000000000002B /* OliHarryPotterBingoTests.xctest */ = {isa = PBXFileReference; explicitFileType = wrapper.cfbundle; includeInIndex = 0; path = OliHarryPotterBingoTests.xctest; sourceTree = BUILT_PRODUCTS_DIR; };
/* End PBXFileReference section */

/* Begin PBXFrameworksBuildPhase section */
		A1B2C3D41E00000000000004 /* Frameworks */ = {
			isa = PBXFrameworksBuildPhase;
			buildActionMask = 2147483647;
			files = (
			);
			runOnlyForDeploymentPostprocessing = 0;
		};
		A1B2C3D41E00000000000084 /* Frameworks */ = {
			isa = PBXFrameworksBuildPhase;
			buildActionMask = 2147483647;
			files = (
			);
			runOnlyForDeploymentPostprocessing = 0;
		};
/* End PBXFrameworksBuildPhase section */

/* Begin PBXGroup section */
		A1B2C3D41E00000000000001 = {
			isa = PBXGroup;
			children = (
				A1B2C3D41E00000000000030 /* OliHarryPotterBingo */,
				A1B2C3D41E00000000000037 /* OliHarryPotterBingoTests */,
				A1B2C3D41E00000000000040 /* Products */,
			);
			sourceTree = "<group>";
		};
		A1B2C3D41E00000000000030 /* OliHarryPotterBingo */ = {
			isa = PBXGroup;
			children = (
				A1B2C3D41E00000000000031 /* App */,
				A1B2C3D41E00000000000032 /* Views */,
				A1B2C3D41E00000000000033 /* Models */,
				A1B2C3D41E00000000000034 /* Session */,
				A1B2C3D41E00000000000035 /* Assets */,
				A1B2C3D41E00000000000036 /* Preview Content */,
			);
			path = OliHarryPotterBingo;
			sourceTree = "<group>";
		};
		A1B2C3D41E00000000000031 /* App */ = {
			isa = PBXGroup;
			children = (
				A1B2C3D41E00000000000021 /* OliHarryPotterBingoApp.swift */,
			);
			path = App;
			sourceTree = "<group>";
		};
		A1B2C3D41E00000000000032 /* Views */ = {
			isa = PBXGroup;
			children = (
				A1B2C3D41E00000000000022 /* ContentView.swift */,
			);
			path = Views;
			sourceTree = "<group>";
		};
		A1B2C3D41E00000000000033 /* Models */ = {
			isa = PBXGroup;
			children = (
				A1B2C3D41E00000000000023 /* BingoCard.swift */,
			);
			path = Models;
			sourceTree = "<group>";
		};
		A1B2C3D41E00000000000034 /* Session */ = {
			isa = PBXGroup;
			children = (
				A1B2C3D41E00000000000027 /* BingoSessionSnapshot.swift */,
				A1B2C3D41E00000000000028 /* CardDrawEngine.swift */,
				A1B2C3D41E00000000000029 /* BingoSessionStore.swift */,
				A1B2C3D41E00000000000024 /* AppSession.swift */,
			);
			path = Session;
			sourceTree = "<group>";
		};
		A1B2C3D41E00000000000035 /* Assets */ = {
			isa = PBXGroup;
			children = (
				A1B2C3D41E00000000000025 /* Assets.xcassets */,
			);
			path = Assets;
			sourceTree = "<group>";
		};
		A1B2C3D41E00000000000036 /* Preview Content */ = {
			isa = PBXGroup;
			children = (
				A1B2C3D41E00000000000026 /* Preview Assets.xcassets */,
			);
			path = "Preview Content";
			sourceTree = "<group>";
		};
		A1B2C3D41E00000000000037 /* OliHarryPotterBingoTests */ = {
			isa = PBXGroup;
			children = (
				A1B2C3D41E0000000000002A /* AppSessionTests.swift */,
			);
			path = OliHarryPotterBingoTests;
			sourceTree = "<group>";
		};
		A1B2C3D41E00000000000040 /* Products */ = {
			isa = PBXGroup;
			children = (
				A1B2C3D41E00000000000003 /* OliHarryPotterBingo.app */,
				A1B2C3D41E0000000000002B /* OliHarryPotterBingoTests.xctest */,
			);
			name = Products;
			sourceTree = "<group>";
		};
/* End PBXGroup section */

/* Begin PBXNativeTarget section */
		A1B2C3D41E00000000000002 /* OliHarryPotterBingo */ = {
			isa = PBXNativeTarget;
			buildConfigurationList = A1B2C3D41E00000000000052 /* Build configuration list for PBXNativeTarget "OliHarryPotterBingo" */;
			buildPhases = (
				A1B2C3D41E00000000000005 /* Sources */,
				A1B2C3D41E00000000000004 /* Frameworks */,
				A1B2C3D41E00000000000006 /* Resources */,
			);
			buildRules = (
			);
			dependencies = (
			);
			name = OliHarryPotterBingo;
			productName = OliHarryPotterBingo;
			productReference = A1B2C3D41E00000000000003 /* OliHarryPotterBingo.app */;
			productType = "com.apple.product-type.application";
		};
		A1B2C3D41E00000000000082 /* OliHarryPotterBingoTests */ = {
			isa = PBXNativeTarget;
			buildConfigurationList = A1B2C3D41E00000000000092 /* Build configuration list for PBXNativeTarget "OliHarryPotterBingoTests" */;
			buildPhases = (
				A1B2C3D41E00000000000083 /* Sources */,
				A1B2C3D41E00000000000084 /* Frameworks */,
			);
			buildRules = (
			);
			dependencies = (
				A1B2C3D41E00000000000093 /* PBXTargetDependency */,
			);
			name = OliHarryPotterBingoTests;
			productName = OliHarryPotterBingoTests;
			productReference = A1B2C3D41E0000000000002B /* OliHarryPotterBingoTests.xctest */;
			productType = "com.apple.product-type.bundle.unit-test";
		};
/* End PBXNativeTarget section */

/* Begin PBXProject section */
		A1B2C3D41E00000000000010 /* Project object */ = {
			isa = PBXProject;
			attributes = {
				BuildIndependentTargetsInParallel = 1;
				LastSwiftUpdateCheck = 1600;
				LastUpgradeCheck = 1600;
				TargetAttributes = {
					A1B2C3D41E00000000000002 = {
						CreatedOnToolsVersion = 16.0;
					};
					A1B2C3D41E00000000000082 = {
						CreatedOnToolsVersion = 16.0;
						TestTargetID = A1B2C3D41E00000000000002;
					};
				};
			};
			buildConfigurationList = A1B2C3D41E00000000000051 /* Build configuration list for PBXProject "OliHarryPotterBingo" */;
			compatibilityVersion = "Xcode 14.0";
			developmentRegion = en;
			hasScannedForEncodings = 0;
			knownRegions = (
				en,
				Base,
			);
			mainGroup = A1B2C3D41E00000000000001;
			productRefGroup = A1B2C3D41E00000000000040 /* Products */;
			projectDirPath = "";
			projectRoot = "";
			targets = (
				A1B2C3D41E00000000000002 /* OliHarryPotterBingo */,
				A1B2C3D41E00000000000082 /* OliHarryPotterBingoTests */,
			);
		};
/* End PBXProject section */

/* Begin PBXResourcesBuildPhase section */
		A1B2C3D41E00000000000006 /* Resources */ = {
			isa = PBXResourcesBuildPhase;
			buildActionMask = 2147483647;
			files = (
				A1B2C3D41E00000000000015 /* Assets.xcassets in Resources */,
				A1B2C3D41E00000000000016 /* Preview Assets.xcassets in Resources */,
			);
			runOnlyForDeploymentPostprocessing = 0;
		};
/* End PBXResourcesBuildPhase section */

/* Begin PBXSourcesBuildPhase section */
		A1B2C3D41E00000000000005 /* Sources */ = {
			isa = PBXSourcesBuildPhase;
			buildActionMask = 2147483647;
			files = (
				A1B2C3D41E00000000000011 /* OliHarryPotterBingoApp.swift in Sources */,
				A1B2C3D41E00000000000012 /* ContentView.swift in Sources */,
				A1B2C3D41E00000000000013 /* BingoCard.swift in Sources */,
				A1B2C3D41E00000000000017 /* BingoSessionSnapshot.swift in Sources */,
				A1B2C3D41E00000000000018 /* CardDrawEngine.swift in Sources */,
				A1B2C3D41E00000000000019 /* BingoSessionStore.swift in Sources */,
				A1B2C3D41E00000000000014 /* AppSession.swift in Sources */,
			);
			runOnlyForDeploymentPostprocessing = 0;
		};
		A1B2C3D41E00000000000083 /* Sources */ = {
			isa = PBXSourcesBuildPhase;
			buildActionMask = 2147483647;
			files = (
				A1B2C3D41E0000000000001A /* AppSessionTests.swift in Sources */,
			);
			runOnlyForDeploymentPostprocessing = 0;
		};
/* End PBXSourcesBuildPhase section */

/* Begin PBXTargetDependency section */
		A1B2C3D41E00000000000093 /* PBXTargetDependency */ = {
			isa = PBXTargetDependency;
			target = A1B2C3D41E00000000000002 /* OliHarryPotterBingo */;
			targetProxy = A1B2C3D41E00000000000091 /* PBXContainerItemProxy */;
		};
/* End PBXTargetDependency section */

/* Begin XCBuildConfiguration section */
		A1B2C3D41E00000000000061 /* Debug */ = {
			isa = XCBuildConfiguration;
			buildSettings = {
				ALWAYS_SEARCH_USER_PATHS = NO;
				CLANG_ENABLE_MODULES = YES;
				CLANG_ENABLE_OBJC_ARC = YES;
				CLANG_WARN_DOCUMENTATION_COMMENTS = YES;
				CLANG_WARN_UNGUARDED_AVAILABILITY = YES_AGGRESSIVE;
				COPY_PHASE_STRIP = NO;
				DEBUG_INFORMATION_FORMAT = dwarf;
				ENABLE_STRICT_OBJC_MSGSEND = YES;
				GCC_C_LANGUAGE_STANDARD = gnu17;
				GENERATE_INFOPLIST_FILE = NO;
				MTL_ENABLE_DEBUG_INFO = INCLUDE_SOURCE;
				MTL_FAST_MATH = YES;
				ONLY_ACTIVE_ARCH = YES;
				SDKROOT = iphoneos;
				SWIFT_ACTIVE_COMPILATION_CONDITIONS = DEBUG;
				SWIFT_OPTIMIZATION_LEVEL = "-Onone";
			};
			name = Debug;
		};
		A1B2C3D41E00000000000062 /* Release */ = {
			isa = XCBuildConfiguration;
			buildSettings = {
				ALWAYS_SEARCH_USER_PATHS = NO;
				CLANG_ENABLE_MODULES = YES;
				CLANG_ENABLE_OBJC_ARC = YES;
				CLANG_WARN_DOCUMENTATION_COMMENTS = YES;
				CLANG_WARN_UNGUARDED_AVAILABILITY = YES_AGGRESSIVE;
				COPY_PHASE_STRIP = NO;
				DEBUG_INFORMATION_FORMAT = "dwarf-with-dsym";
				ENABLE_NS_ASSERTIONS = NO;
				ENABLE_STRICT_OBJC_MSGSEND = YES;
				GCC_C_LANGUAGE_STANDARD = gnu17;
				GENERATE_INFOPLIST_FILE = NO;
				MTL_ENABLE_DEBUG_INFO = NO;
				MTL_FAST_MATH = YES;
				SDKROOT = iphoneos;
				SWIFT_COMPILATION_MODE = wholemodule;
				VALIDATE_PRODUCT = YES;
			};
			name = Release;
		};
		A1B2C3D41E00000000000071 /* Debug */ = {
			isa = XCBuildConfiguration;
			buildSettings = {
				ASSETCATALOG_COMPILER_APPICON_NAME = AppIcon;
				CODE_SIGN_STYLE = Automatic;
				CURRENT_PROJECT_VERSION = 1;
				DEVELOPMENT_ASSET_PATHS = "\"OliHarryPotterBingo/Preview Content\"";
				ENABLE_TESTABILITY = YES;
				GENERATE_INFOPLIST_FILE = YES;
				INFOPLIST_KEY_CFBundleDisplayName = "Oli Harry Potter Bingo";
				INFOPLIST_KEY_UIApplicationSceneManifest_Generation = YES;
				INFOPLIST_KEY_UIApplicationSupportsIndirectInputEvents = YES;
				INFOPLIST_KEY_UILaunchScreen_Generation = YES;
				IPHONEOS_DEPLOYMENT_TARGET = 17.0;
				LD_RUNPATH_SEARCH_PATHS = (
					"$(inherited)",
					"@executable_path/Frameworks",
				);
				MARKETING_VERSION = 1.0;
				PRODUCT_BUNDLE_IDENTIFIER = com.matiasbinagora.oliharrypotterbingo;
				PRODUCT_NAME = "$(TARGET_NAME)";
				SUPPORTED_PLATFORMS = "iphoneos iphonesimulator";
				SWIFT_EMIT_LOC_STRINGS = YES;
				SWIFT_VERSION = 5.0;
				TARGETED_DEVICE_FAMILY = 1;
			};
			name = Debug;
		};
		A1B2C3D41E00000000000072 /* Release */ = {
			isa = XCBuildConfiguration;
			buildSettings = {
				ASSETCATALOG_COMPILER_APPICON_NAME = AppIcon;
				CODE_SIGN_STYLE = Automatic;
				CURRENT_PROJECT_VERSION = 1;
				DEVELOPMENT_ASSET_PATHS = "\"OliHarryPotterBingo/Preview Content\"";
				GENERATE_INFOPLIST_FILE = YES;
				INFOPLIST_KEY_CFBundleDisplayName = "Oli Harry Potter Bingo";
				INFOPLIST_KEY_UIApplicationSceneManifest_Generation = YES;
				INFOPLIST_KEY_UIApplicationSupportsIndirectInputEvents = YES;
				INFOPLIST_KEY_UILaunchScreen_Generation = YES;
				IPHONEOS_DEPLOYMENT_TARGET = 17.0;
				LD_RUNPATH_SEARCH_PATHS = (
					"$(inherited)",
					"@executable_path/Frameworks",
				);
				MARKETING_VERSION = 1.0;
				PRODUCT_BUNDLE_IDENTIFIER = com.matiasbinagora.oliharrypotterbingo;
				PRODUCT_NAME = "$(TARGET_NAME)";
				SUPPORTED_PLATFORMS = "iphoneos iphonesimulator";
				SWIFT_EMIT_LOC_STRINGS = YES;
				SWIFT_VERSION = 5.0;
				TARGETED_DEVICE_FAMILY = 1;
			};
			name = Release;
		};
		A1B2C3D41E00000000000094 /* Debug */ = {
			isa = XCBuildConfiguration;
			buildSettings = {
				BUNDLE_LOADER = "$(TEST_HOST)";
				CODE_SIGN_STYLE = Automatic;
				CURRENT_PROJECT_VERSION = 1;
				GENERATE_INFOPLIST_FILE = YES;
				IPHONEOS_DEPLOYMENT_TARGET = 17.0;
				LD_RUNPATH_SEARCH_PATHS = (
					"$(inherited)",
					"@executable_path/Frameworks",
					"@loader_path/Frameworks",
				);
				MARKETING_VERSION = 1.0;
				PRODUCT_BUNDLE_IDENTIFIER = com.olibingo.harrypotterTests;
				PRODUCT_NAME = "$(TARGET_NAME)";
				SDKROOT = iphoneos;
				SUPPORTED_PLATFORMS = "iphoneos iphonesimulator";
				SWIFT_VERSION = 5.0;
				TARGETED_DEVICE_FAMILY = 1;
				TEST_HOST = "$(BUILT_PRODUCTS_DIR)/OliHarryPotterBingo.app/$(BUNDLE_EXECUTABLE_FOLDER_PATH)/OliHarryPotterBingo";
			};
			name = Debug;
		};
		A1B2C3D41E00000000000095 /* Release */ = {
			isa = XCBuildConfiguration;
			buildSettings = {
				BUNDLE_LOADER = "$(TEST_HOST)";
				CODE_SIGN_STYLE = Automatic;
				CURRENT_PROJECT_VERSION = 1;
				GENERATE_INFOPLIST_FILE = YES;
				IPHONEOS_DEPLOYMENT_TARGET = 17.0;
				LD_RUNPATH_SEARCH_PATHS = (
					"$(inherited)",
					"@executable_path/Frameworks",
					"@loader_path/Frameworks",
				);
				MARKETING_VERSION = 1.0;
				PRODUCT_BUNDLE_IDENTIFIER = com.olibingo.harrypotterTests;
				PRODUCT_NAME = "$(TARGET_NAME)";
				SDKROOT = iphoneos;
				SUPPORTED_PLATFORMS = "iphoneos iphonesimulator";
				SWIFT_VERSION = 5.0;
				TARGETED_DEVICE_FAMILY = 1;
				TEST_HOST = "$(BUILT_PRODUCTS_DIR)/OliHarryPotterBingo.app/$(BUNDLE_EXECUTABLE_FOLDER_PATH)/OliHarryPotterBingo";
			};
			name = Release;
		};
/* End XCBuildConfiguration section */

/* Begin XCConfigurationList section */
		A1B2C3D41E00000000000051 /* Build configuration list for PBXProject "OliHarryPotterBingo" */ = {
			isa = XCConfigurationList;
			buildConfigurations = (
				A1B2C3D41E00000000000061 /* Debug */,
				A1B2C3D41E00000000000062 /* Release */,
			);
			defaultConfigurationIsVisible = 0;
			defaultConfigurationName = Release;
		};
		A1B2C3D41E00000000000052 /* Build configuration list for PBXNativeTarget "OliHarryPotterBingo" */ = {
			isa = XCConfigurationList;
			buildConfigurations = (
				A1B2C3D41E00000000000071 /* Debug */,
				A1B2C3D41E00000000000072 /* Release */,
			);
			defaultConfigurationIsVisible = 0;
			defaultConfigurationName = Release;
		};
		A1B2C3D41E00000000000092 /* Build configuration list for PBXNativeTarget "OliHarryPotterBingoTests" */ = {
			isa = XCConfigurationList;
			buildConfigurations = (
				A1B2C3D41E00000000000094 /* Debug */,
				A1B2C3D41E00000000000095 /* Release */,
			);
			defaultConfigurationIsVisible = 0;
			defaultConfigurationName = Release;
		};
/* End XCConfigurationList section */
	};
	rootObject = A1B2C3D41E00000000000010 /* Project object */;
}
